
Microsoft Visual Studio Solution File, Format Version 12.00
# Visual Studio Version 17
VisualStudioVersion = 17.10.35027.167
MinimumVisualStudioVersion = 10.0.40219.1
Project("{9A19103F-16F7-4668-BE54-9A1E7A4F7556}") = "Server", "Server\Server.csproj", "{5D868C8D-1EA5-45BB-9EA7-F4251D25C37A}"
EndProject
Project("{E53339B2-1760-4266-BCC7-CA923CBCF16C}") = "docker-compose", "docker-compose.dcproj", "{5825389B-955B-4EAB-8972-0620EE8864E0}"
EndProject
Global
	GlobalSection(SolutionConfigurationPlatforms) = preSolution
		Debug|Any CPU = Debug|Any CPU
		Release|Any CPU = Release|Any CPU
	EndGlobalSection
	GlobalSection(ProjectConfigurationPlatforms) = postSolution
		{5D868C8D-1EA5-45BB-9EA7-F4251D25C37A}.Debug|Any CPU.ActiveCfg = Debug|Any CPU
		{5D868C8D-1EA5-45BB-9EA7-F4251D25C37A}.Debug|Any CPU.Build.0 = Debug|Any CPU
		{5D868C8D-1EA5-45BB-9EA7-F4251D25C37A}.Release|Any CPU.ActiveCfg = Release|Any CPU
		{5D868C8D-1EA5-45BB-9EA7-F4251D25C37A}.Release|Any CPU.Build.0 = Release|Any CPU
		{5825389B-955B-4EAB-8972-0620EE8864E0}.Debug|Any CPU.ActiveCfg = Debug|Any CPU
		{5825389B-955B-4EAB-8972-0620EE8864E0}.Debug|Any CPU.Build.0 = Debug|Any CPU
		{5825389B-955B-4EAB-8972-0620EE8864E0}.Release|Any CPU.ActiveCfg = Release|Any CPU
		{5825389B-955B-4EAB-8972-0620EE8864E0}.Release|Any CPU.Build.0 = Release|Any CPU
	EndGlobalSection
	GlobalSection(SolutionProperties) = preSolution
		HideSolutionNode = FALSE
	EndGlobalSection
	GlobalSection(ExtensibilityGlobals) = postSolution
		SolutionGuid = {30C7F706-D9DD-4984-B87E-97B6C7D05338}
	EndGlobalSection
EndGlobal
